
Microsoft Visual Studio Solution File, Format Version 12.00
# Visual Studio 15
VisualStudioVersion = 15.0.27004.2005
MinimumVisualStudioVersion = 10.0.40219.1
Project("{FAE04EC0-301F-11D3-BF4B-00C04F79EFBC}") = "tm", "tm\tm.csproj", "{90356DE5-F6FE-411F-8A0E-A0CAB06FAA03}"
EndProject
Global
	GlobalSection(SolutionConfigurationPlatforms) = preSolution
		Debug|Any CPU = Debug|Any CPU
		Debug|x64 = Debug|x64
		Release|Any CPU = Release|Any CPU
		Release|x64 = Release|x64
	EndGlobalSection
	GlobalSection(ProjectConfigurationPlatforms) = postSolution
		{90356DE5-F6FE-411F-8A0E-A0CAB06FAA03}.Debug|Any CPU.ActiveCfg = Debug|Any CPU
		{90356DE5-F6FE-411F-8A0E-A0CAB06FAA03}.Debug|Any CPU.Build.0 = Debug|Any CPU
		{90356DE5-F6FE-411F-8A0E-A0CAB06FAA03}.Debug|x64.ActiveCfg = Debug|x64
		{90356DE5-F6FE-411F-8A0E-A0CAB06FAA03}.Debug|x64.Build.0 = Debug|x64
		{90356DE5-F6FE-411F-8A0E-A0CAB06FAA03}.Release|Any CPU.ActiveCfg = Release|Any CPU
		{90356DE5-F6FE-411F-8A0E-A0CAB06FAA03}.Release|Any CPU.Build.0 = Release|Any CPU
		{90356DE5-F6FE-411F-8A0E-A0CAB06FAA03}.Release|x64.ActiveCfg = Release|x64
		{90356DE5-F6FE-411F-8A0E-A0CAB06FAA03}.Release|x64.Build.0 = Release|x64
	EndGlobalSection
	GlobalSection(SolutionProperties) = preSolution
		HideSolutionNode = FALSE
	EndGlobalSection
	GlobalSection(ExtensibilityGlobals) = postSolution
		SolutionGuid = {A4128B1C-03FD-46F5-873E-82EDE7472B7E}
	EndGlobalSection
EndGlobal
